Microsoft Visual Studio Solution File, Format Version 8.00
Project("{8BC9CEB8-8B4A-11D0-8D11-00A0C91BC942}") = "Exe_XBench_PCStatic", "XBench.vcproj", "{FAA6C997-9534-41D5-95CB-05EF096784C7}"
	ProjectSection(ProjectDependencies) = postProject
		{E583F653-2E9D-47AE-B742-0A1654E5D104} = {E583F653-2E9D-47AE-B742-0A1654E5D104}
		{96E7F394-84FA-4214-9B53-1EAF5B9C9181} = {96E7F394-84FA-4214-9B53-1EAF5B9C9181}
		{C816D2DB-841C-4940-895A-275357052495} = {C816D2DB-841C-4940-895A-275357052495}
		{3967C8FA-0289-411B-B225-7DB845AFB017} = {3967C8FA-0289-411B-B225-7DB845AFB017}
	EndProjectSection
EndProject
Project("{8BC9CEB8-8B4A-11D0-8D11-00A0C91BC942}") = "Lib_MSystem", "..\..\Shared\MOS\MSystem\Lib_MSystem.vcproj", "{E583F653-2E9D-47AE-B742-0A1654E5D104}"
	ProjectSection(ProjectDependencies) = postProject
	EndProjectSection
EndProject
Project("{8BC9CEB8-8B4A-11D0-8D11-00A0C91BC942}") = "Lib_XRClasses", "..\..\Shared\MOS\Libs\XRClasses\Lib_XRClasses.vcproj", "{3967C8FA-0289-411B-B225-7DB845AFB017}"
	ProjectSection(ProjectDependencies) = postProject
	EndProjectSection
EndProject
Project("{8BC9CEB8-8B4A-11D0-8D11-00A0C91BC942}") = "Lib_MCC", "..\..\Shared\MCC\Lib_MCC.vcproj", "{96E7F394-84FA-4214-9B53-1EAF5B9C9181}"
	ProjectSection(ProjectDependencies) = postProject
	EndProjectSection
EndProject
Project("{8BC9CEB8-8B4A-11D0-8D11-00A0C91BC942}") = "Lib_RenderPS3", "..\..\Shared\MOS\RenderContexts\PS3\Lib_RenderPS3.vcproj", "{C816D2DB-841C-4940-895A-275357052495}"
	ProjectSection(ProjectDependencies) = postProject
	EndProjectSection
EndProject
Global
	GlobalSection(SourceCodeControl) = preSolution
		SccNumberOfProjects = 6
		SccProjectName0 = Perforce\u0020Project
		SccLocalPath0 = .
		SccProvider0 = MSSCCI:Perforce\u0020SCM
		CanCheckoutShared = true
		SolutionUniqueID = {88313679-3A72-470E-BAF0-58C22A033703}
		SccProjectUniqueName1 = XBench.vcproj
		SccLocalPath1 = ..\\..
		CanCheckoutShared = true
		SccProjectFilePathRelativizedFromConnection1 = Research\\XBench\\
		SccProjectUniqueName2 = ..\\..\\Shared\\MOS\\MSystem\\Lib_MSystem.vcproj
		SccLocalPath2 = ..\\..
		CanCheckoutShared = true
		SccProjectFilePathRelativizedFromConnection2 = Shared\\MOS\\MSystem\\
		SccProjectUniqueName3 = ..\\..\\Shared\\MOS\\Libs\\XRClasses\\Lib_XRClasses.vcproj
		SccLocalPath3 = ..\\..
		CanCheckoutShared = true
		SccProjectFilePathRelativizedFromConnection3 = Shared\\MOS\\Libs\\XRClasses\\
		SccProjectUniqueName4 = ..\\..\\Shared\\MCC\\Lib_MCC.vcproj
		SccLocalPath4 = ..\\..
		CanCheckoutShared = true
		SccProjectFilePathRelativizedFromConnection4 = Shared\\MCC\\
		SccProjectUniqueName5 = ..\\..\\Shared\\MOS\\RenderContexts\\PS3\\Lib_RenderPS3.vcproj
		SccLocalPath5 = ..\\..
		CanCheckoutShared = true
		SccProjectFilePathRelativizedFromConnection5 = Shared\\MOS\\RenderContexts\\PS3\\
	EndGlobalSection
	GlobalSection(SolutionConfiguration) = preSolution
		PS3 Debug = PS3 Debug
		PS3 Release = PS3 Release
		PS3 RTM = PS3 RTM
		PS3 RTMD = PS3 RTMD
	EndGlobalSection
	GlobalSection(ProjectConfiguration) = postSolution
		{FAA6C997-9534-41D5-95CB-05EF096784C7}.PS3 Debug.ActiveCfg = PS3 Debug|Win32
		{FAA6C997-9534-41D5-95CB-05EF096784C7}.PS3 Debug.Build.0 = PS3 Debug|Win32
		{FAA6C997-9534-41D5-95CB-05EF096784C7}.PS3 Release.ActiveCfg = PS3 Release|Win32
		{FAA6C997-9534-41D5-95CB-05EF096784C7}.PS3 Release.Build.0 = PS3 Release|Win32
		{FAA6C997-9534-41D5-95CB-05EF096784C7}.PS3 RTM.ActiveCfg = PS3 RTM|Win32
		{FAA6C997-9534-41D5-95CB-05EF096784C7}.PS3 RTM.Build.0 = PS3 RTM|Win32
		{FAA6C997-9534-41D5-95CB-05EF096784C7}.PS3 RTMD.ActiveCfg = PS3 RTMD|Win32
		{FAA6C997-9534-41D5-95CB-05EF096784C7}.PS3 RTMD.Build.0 = PS3 RTMD|Win32
		{E583F653-2E9D-47AE-B742-0A1654E5D104}.PS3 Debug.ActiveCfg = PS3 Debug|Win32
		{E583F653-2E9D-47AE-B742-0A1654E5D104}.PS3 Debug.Build.0 = PS3 Debug|Win32
		{E583F653-2E9D-47AE-B742-0A1654E5D104}.PS3 Release.ActiveCfg = PS3 Release|Win32
		{E583F653-2E9D-47AE-B742-0A1654E5D104}.PS3 Release.Build.0 = PS3 Release|Win32
		{E583F653-2E9D-47AE-B742-0A1654E5D104}.PS3 RTM.ActiveCfg = PS3 RTM|Win32
		{E583F653-2E9D-47AE-B742-0A1654E5D104}.PS3 RTM.Build.0 = PS3 RTM|Win32
		{E583F653-2E9D-47AE-B742-0A1654E5D104}.PS3 RTMD.ActiveCfg = PS3 RTMD|Win32
		{E583F653-2E9D-47AE-B742-0A1654E5D104}.PS3 RTMD.Build.0 = PS3 RTMD|Win32
		{3967C8FA-0289-411B-B225-7DB845AFB017}.PS3 Debug.ActiveCfg = PS3 Debug|Win32
		{3967C8FA-0289-411B-B225-7DB845AFB017}.PS3 Debug.Build.0 = PS3 Debug|Win32
		{3967C8FA-0289-411B-B225-7DB845AFB017}.PS3 Release.ActiveCfg = PS3 Release|Win32
		{3967C8FA-0289-411B-B225-7DB845AFB017}.PS3 Release.Build.0 = PS3 Release|Win32
		{3967C8FA-0289-411B-B225-7DB845AFB017}.PS3 RTM.ActiveCfg = PS3 RTM|Win32
		{3967C8FA-0289-411B-B225-7DB845AFB017}.PS3 RTM.Build.0 = PS3 RTM|Win32
		{3967C8FA-0289-411B-B225-7DB845AFB017}.PS3 RTMD.ActiveCfg = PS3 RTMD|Win32
		{3967C8FA-0289-411B-B225-7DB845AFB017}.PS3 RTMD.Build.0 = PS3 RTMD|Win32
		{96E7F394-84FA-4214-9B53-1EAF5B9C9181}.PS3 Debug.ActiveCfg = PS3 Debug|Win32
		{96E7F394-84FA-4214-9B53-1EAF5B9C9181}.PS3 Debug.Build.0 = PS3 Debug|Win32
		{96E7F394-84FA-4214-9B53-1EAF5B9C9181}.PS3 Release.ActiveCfg = PS3 Release|Win32
		{96E7F394-84FA-4214-9B53-1EAF5B9C9181}.PS3 Release.Build.0 = PS3 Release|Win32
		{96E7F394-84FA-4214-9B53-1EAF5B9C9181}.PS3 RTM.ActiveCfg = PS3 RTM|Win32
		{96E7F394-84FA-4214-9B53-1EAF5B9C9181}.PS3 RTM.Build.0 = PS3 RTM|Win32
		{96E7F394-84FA-4214-9B53-1EAF5B9C9181}.PS3 RTMD.ActiveCfg = PS3 RTMD|Win32
		{96E7F394-84FA-4214-9B53-1EAF5B9C9181}.PS3 RTMD.Build.0 = PS3 RTMD|Win32
		{C816D2DB-841C-4940-895A-275357052495}.PS3 Debug.ActiveCfg = PS3 Debug|Win32
		{C816D2DB-841C-4940-895A-275357052495}.PS3 Debug.Build.0 = PS3 Debug|Win32
		{C816D2DB-841C-4940-895A-275357052495}.PS3 Release.ActiveCfg = PS3 Release|Win32
		{C816D2DB-841C-4940-895A-275357052495}.PS3 Release.Build.0 = PS3 Release|Win32
		{C816D2DB-841C-4940-895A-275357052495}.PS3 RTM.ActiveCfg = PS3 RTM|Win32
		{C816D2DB-841C-4940-895A-275357052495}.PS3 RTM.Build.0 = PS3 RTM|Win32
		{C816D2DB-841C-4940-895A-275357052495}.PS3 RTMD.ActiveCfg = PS3 RTMD|Win32
		{C816D2DB-841C-4940-895A-275357052495}.PS3 RTMD.Build.0 = PS3 RTMD|Win32
	EndGlobalSection
	GlobalSection(ExtensibilityGlobals) = postSolution
	EndGlobalSection
	GlobalSection(ExtensibilityAddIns) = postSolution
	EndGlobalSection
EndGlobal
